// !$*UTF8*$!
{
	archiveVersion = 1;
	classes = {
	};
	objectVersion = 55;
	objects = {

/* Begin PBXBuildFile section */
		4C3CAE5028C8712E00B24327 /* FoodThisWeek.swift in Sources */ = {isa = PBXBuildFile; fileRef = 4C3CAE4F28C8712E00B24327 /* FoodThisWeek.swift */; };
		4C3CAE5228C8737700B24327 /* FoodThisWeekViewModel.swift in Sources */ = {isa = PBXBuildFile; fileRef = 4C3CAE5128C8737700B24327 /* FoodThisWeekViewModel.swift */; };
		4C6EA2B028C0E36B00CF06A2 /* i2cFoodApplicationApp.swift in Sources */ = {isa = PBXBuildFile; fileRef = 4C6EA2AF28C0E36B00CF06A2 /* i2cFoodApplicationApp.swift */; };
		4C6EA2B228C0E36B00CF06A2 /* HomeView.swift in Sources */ = {isa = PBXBuildFile; fileRef = 4C6EA2B128C0E36B00CF06A2 /* HomeView.swift */; };
		4C6EA2B428C0E36D00CF06A2 /* Assets.xcassets in Resources */ = {isa = PBXBuildFile; fileRef = 4C6EA2B328C0E36D00CF06A2 /* Assets.xcassets */; };
		4C6EA2B728C0E36D00CF06A2 /* Preview Assets.xcassets in Resources */ = {isa = PBXBuildFile; fileRef = 4C6EA2B628C0E36D00CF06A2 /* Preview Assets.xcassets */; };
		4C6EA2C128C1C78C00CF06A2 /* SliderView.swift in Sources */ = {isa = PBXBuildFile; fileRef = 4C6EA2C028C1C78C00CF06A2 /* SliderView.swift */; };
		4C6EA2C328C1C79E00CF06A2 /* PagerView.swift in Sources */ = {isa = PBXBuildFile; fileRef = 4C6EA2C228C1C79E00CF06A2 /* PagerView.swift */; };
		4C6EA2C728C1CB4800CF06A2 /* MenuCardForTheDay.swift in Sources */ = {isa = PBXBuildFile; fileRef = 4C6EA2C628C1CB4800CF06A2 /* MenuCardForTheDay.swift */; };
		4C6EA2C928C1CD6700CF06A2 /* MenuCardViewModel.swift in Sources */ = {isa = PBXBuildFile; fileRef = 4C6EA2C828C1CD6700CF06A2 /* MenuCardViewModel.swift */; };
		4C6EA2CC28C2125000CF06A2 /* DishesCell.swift in Sources */ = {isa = PBXBuildFile; fileRef = 4C6EA2CB28C2125000CF06A2 /* DishesCell.swift */; };
		4C6EA2D228C5C9B000CF06A2 /* DishesCellViewModel.swift in Sources */ = {isa = PBXBuildFile; fileRef = 4C6EA2D128C5C9B000CF06A2 /* DishesCellViewModel.swift */; };
		4C6EA2D528C5D6E200CF06A2 /* FoodMenuService.swift in Sources */ = {isa = PBXBuildFile; fileRef = 4C6EA2D428C5D6E200CF06A2 /* FoodMenuService.swift */; };
		4C6EA2D828C70F1700CF06A2 /* FoodMenuModels.swift in Sources */ = {isa = PBXBuildFile; fileRef = 4C6EA2D728C70F1700CF06A2 /* FoodMenuModels.swift */; };
		4C6EA2DB28C70F5900CF06A2 /* Errors.swift in Sources */ = {isa = PBXBuildFile; fileRef = 4C6EA2DA28C70F5900CF06A2 /* Errors.swift */; };
		4C6EA2DD28C70F8500CF06A2 /* APIClient.swift in Sources */ = {isa = PBXBuildFile; fileRef = 4C6EA2DC28C70F8500CF06A2 /* APIClient.swift */; };
		4C6EA2DF28C7127400CF06A2 /* URLRequestConvertible.swift in Sources */ = {isa = PBXBuildFile; fileRef = 4C6EA2DE28C7127400CF06A2 /* URLRequestConvertible.swift */; };
		4C70E70328C7755F00D85E83 /* Utilities.swift in Sources */ = {isa = PBXBuildFile; fileRef = 4C70E70228C7755F00D85E83 /* Utilities.swift */; };
/* End PBXBuildFile section */

/* Begin PBXFileReference section */
		4C3CAE4F28C8712E00B24327 /* FoodThisWeek.swift */ = {isa = PBXFileReference; lastKnownFileType = sourcecode.swift; path = FoodThisWeek.swift; sourceTree = "<group>"; };
		4C3CAE5128C8737700B24327 /* FoodThisWeekViewModel.swift */ = {isa = PBXFileReference; lastKnownFileType = sourcecode.swift; path = FoodThisWeekViewModel.swift; sourceTree = "<group>"; };
		4C6EA2AC28C0E36B00CF06A2 /* i2cFoodApplication.app */ = {isa = PBXFileReference; explicitFileType = wrapper.application; includeInIndex = 0; path = i2cFoodApplication.app; sourceTree = BUILT_PRODUCTS_DIR; };
		4C6EA2AF28C0E36B00CF06A2 /* i2cFoodApplicationApp.swift */ = {isa = PBXFileReference; lastKnownFileType = sourcecode.swift; path = i2cFoodApplicationApp.swift; sourceTree = "<group>"; };
		4C6EA2B128C0E36B00CF06A2 /* HomeView.swift */ = {isa = PBXFileReference; lastKnownFileType = sourcecode.swift; path = HomeView.swift; sourceTree = "<group>"; };
		4C6EA2B328C0E36D00CF06A2 /* Assets.xcassets */ = {isa = PBXFileReference; lastKnownFileType = folder.assetcatalog; path = Assets.xcassets; sourceTree = "<group>"; };
		4C6EA2B628C0E36D00CF06A2 /* Preview Assets.xcassets */ = {isa = PBXFileReference; lastKnownFileType = folder.assetcatalog; path = "Preview Assets.xcassets"; sourceTree = "<group>"; };
		4C6EA2C028C1C78C00CF06A2 /* SliderView.swift */ = {isa = PBXFileReference; lastKnownFileType = sourcecode.swift; path = SliderView.swift; sourceTree = "<group>"; };
		4C6EA2C228C1C79E00CF06A2 /* PagerView.swift */ = {isa = PBXFileReference; lastKnownFileType = sourcecode.swift; path = PagerView.swift; sourceTree = "<group>"; };
		4C6EA2C628C1CB4800CF06A2 /* MenuCardForTheDay.swift */ = {isa = PBXFileReference; lastKnownFileType = sourcecode.swift; path = MenuCardForTheDay.swift; sourceTree = "<group>"; };
		4C6EA2C828C1CD6700CF06A2 /* MenuCardViewModel.swift */ = {isa = PBXFileReference; lastKnownFileType = sourcecode.swift; path = MenuCardViewModel.swift; sourceTree = "<group>"; };
		4C6EA2CB28C2125000CF06A2 /* DishesCell.swift */ = {isa = PBXFileReference; lastKnownFileType = sourcecode.swift; path = DishesCell.swift; sourceTree = "<group>"; };
		4C6EA2D128C5C9B000CF06A2 /* DishesCellViewModel.swift */ = {isa = PBXFileReference; lastKnownFileType = sourcecode.swift; path = DishesCellViewModel.swift; sourceTree = "<group>"; };
		4C6EA2D428C5D6E200CF06A2 /* FoodMenuService.swift */ = {isa = PBXFileReference; lastKnownFileType = sourcecode.swift; path = FoodMenuService.swift; sourceTree = "<group>"; };
		4C6EA2D728C70F1700CF06A2 /* FoodMenuModels.swift */ = {isa = PBXFileReference; lastKnownFileType = sourcecode.swift; path = FoodMenuModels.swift; sourceTree = "<group>"; };
		4C6EA2DA28C70F5900CF06A2 /* Errors.swift */ = {isa = PBXFileReference; lastKnownFileType = sourcecode.swift; path = Errors.swift; sourceTree = "<group>"; };
		4C6EA2DC28C70F8500CF06A2 /* APIClient.swift */ = {isa = PBXFileReference; lastKnownFileType = sourcecode.swift; path = APIClient.swift; sourceTree = "<group>"; };
		4C6EA2DE28C7127400CF06A2 /* URLRequestConvertible.swift */ = {isa = PBXFileReference; lastKnownFileType = sourcecode.swift; path = URLRequestConvertible.swift; sourceTree = "<group>"; };
		4C70E70228C7755F00D85E83 /* Utilities.swift */ = {isa = PBXFileReference; lastKnownFileType = sourcecode.swift; path = Utilities.swift; sourceTree = "<group>"; };
/* End PBXFileReference section */

/* Begin PBXFrameworksBuildPhase section */
		4C6EA2A928C0E36B00CF06A2 /* Frameworks */ = {
			isa = PBXFrameworksBuildPhase;
			buildActionMask = 2147483647;
			files = (
			);
			runOnlyForDeploymentPostprocessing = 0;
		};
/* End PBXFrameworksBuildPhase section */

/* Begin PBXGroup section */
		4C3CAE4E28C8710E00B24327 /* FoodThisWeek */ = {
			isa = PBXGroup;
			children = (
				4C3CAE4F28C8712E00B24327 /* FoodThisWeek.swift */,
				4C3CAE5128C8737700B24327 /* FoodThisWeekViewModel.swift */,
			);
			path = FoodThisWeek;
			sourceTree = "<group>";
		};
		4C6EA2A328C0E36B00CF06A2 = {
			isa = PBXGroup;
			children = (
				4C6EA2AE28C0E36B00CF06A2 /* i2cFoodApplication */,
				4C6EA2AD28C0E36B00CF06A2 /* Products */,
			);
			sourceTree = "<group>";
		};
		4C6EA2AD28C0E36B00CF06A2 /* Products */ = {
			isa = PBXGroup;
			children = (
				4C6EA2AC28C0E36B00CF06A2 /* i2cFoodApplication.app */,
			);
			name = Products;
			sourceTree = "<group>";
		};
		4C6EA2AE28C0E36B00CF06A2 /* i2cFoodApplication */ = {
			isa = PBXGroup;
			children = (
				4C3CAE4E28C8710E00B24327 /* FoodThisWeek */,
				4C70E70128C7754300D85E83 /* Utility */,
				4C6EA2D928C70F4500CF06A2 /* Errors */,
				4C6EA2D628C70F0400CF06A2 /* Models */,
				4C6EA2D328C5D68900CF06A2 /* Network */,
				4C6EA2C428C1C83000CF06A2 /* FoodItemHomeView */,
				4C6EA2BF28C1C77100CF06A2 /* SliderWidget */,
				4C6EA2C528C1CAEB00CF06A2 /* BottomCardMenu */,
				4C6EA2AF28C0E36B00CF06A2 /* i2cFoodApplicationApp.swift */,
				4C6EA2B328C0E36D00CF06A2 /* Assets.xcassets */,
				4C6EA2B528C0E36D00CF06A2 /* Preview Content */,
			);
			path = i2cFoodApplication;
			sourceTree = "<group>";
		};
		4C6EA2B528C0E36D00CF06A2 /* Preview Content */ = {
			isa = PBXGroup;
			children = (
				4C6EA2B628C0E36D00CF06A2 /* Preview Assets.xcassets */,
			);
			path = "Preview Content";
			sourceTree = "<group>";
		};
		4C6EA2BF28C1C77100CF06A2 /* SliderWidget */ = {
			isa = PBXGroup;
			children = (
				4C6EA2C028C1C78C00CF06A2 /* SliderView.swift */,
				4C6EA2C228C1C79E00CF06A2 /* PagerView.swift */,
			);
			path = SliderWidget;
			sourceTree = "<group>";
		};
		4C6EA2C428C1C83000CF06A2 /* FoodItemHomeView */ = {
			isa = PBXGroup;
			children = (
				4C6EA2B128C0E36B00CF06A2 /* HomeView.swift */,
			);
			path = FoodItemHomeView;
			sourceTree = "<group>";
		};
		4C6EA2C528C1CAEB00CF06A2 /* BottomCardMenu */ = {
			isa = PBXGroup;
			children = (
				4C6EA2CA28C2123B00CF06A2 /* Cell */,
				4C6EA2C628C1CB4800CF06A2 /* MenuCardForTheDay.swift */,
				4C6EA2C828C1CD6700CF06A2 /* MenuCardViewModel.swift */,
			);
			path = BottomCardMenu;
			sourceTree = "<group>";
		};
		4C6EA2CA28C2123B00CF06A2 /* Cell */ = {
			isa = PBXGroup;
			children = (
				4C6EA2CB28C2125000CF06A2 /* DishesCell.swift */,
				4C6EA2D128C5C9B000CF06A2 /* DishesCellViewModel.swift */,
			);
			path = Cell;
			sourceTree = "<group>";
		};
		4C6EA2D328C5D68900CF06A2 /* Network */ = {
			isa = PBXGroup;
			children = (
				4C6EA2D428C5D6E200CF06A2 /* FoodMenuService.swift */,
				4C6EA2DC28C70F8500CF06A2 /* APIClient.swift */,
				4C6EA2DE28C7127400CF06A2 /* URLRequestConvertible.swift */,
			);
			path = Network;
			sourceTree = "<group>";
		};
		4C6EA2D628C70F0400CF06A2 /* Models */ = {
			isa = PBXGroup;
			children = (
				4C6EA2D728C70F1700CF06A2 /* FoodMenuModels.swift */,
			);
			path = Models;
			sourceTree = "<group>";
		};
		4C6EA2D928C70F4500CF06A2 /* Errors */ = {
			isa = PBXGroup;
			children = (
				4C6EA2DA28C70F5900CF06A2 /* Errors.swift */,
			);
			path = Errors;
			sourceTree = "<group>";
		};
		4C70E70128C7754300D85E83 /* Utility */ = {
			isa = PBXGroup;
			children = (
				4C70E70228C7755F00D85E83 /* Utilities.swift */,
			);
			path = Utility;
			sourceTree = "<group>";
		};
/* End PBXGroup section */

/* Begin PBXNativeTarget section */
		4C6EA2AB28C0E36B00CF06A2 /* i2cFoodApplication */ = {
			isa = PBXNativeTarget;
			buildConfigurationList = 4C6EA2BA28C0E36D00CF06A2 /* Build configuration list for PBXNativeTarget "i2cFoodApplication" */;
			buildPhases = (
				4C6EA2A828C0E36B00CF06A2 /* Sources */,
				4C6EA2A928C0E36B00CF06A2 /* Frameworks */,
				4C6EA2AA28C0E36B00CF06A2 /* Resources */,
			);
			buildRules = (
			);
			dependencies = (
			);
			name = i2cFoodApplication;
			productName = i2cFoodApplication;
			productReference = 4C6EA2AC28C0E36B00CF06A2 /* i2cFoodApplication.app */;
			productType = "com.apple.product-type.application";
		};
/* End PBXNativeTarget section */

/* Begin PBXProject section */
		4C6EA2A428C0E36B00CF06A2 /* Project object */ = {
			isa = PBXProject;
			attributes = {
				BuildIndependentTargetsInParallel = 1;
				LastSwiftUpdateCheck = 1330;
				LastUpgradeCheck = 1330;
				TargetAttributes = {
					4C6EA2AB28C0E36B00CF06A2 = {
						CreatedOnToolsVersion = 13.3.1;
					};
				};
			};
			buildConfigurationList = 4C6EA2A728C0E36B00CF06A2 /* Build configuration list for PBXProject "i2cFoodApplication" */;
			compatibilityVersion = "Xcode 13.0";
			developmentRegion = en;
			hasScannedForEncodings = 0;
			knownRegions = (
				en,
				Base,
			);
			mainGroup = 4C6EA2A328C0E36B00CF06A2;
			productRefGroup = 4C6EA2AD28C0E36B00CF06A2 /* Products */;
			projectDirPath = "";
			projectRoot = "";
			targets = (
				4C6EA2AB28C0E36B00CF06A2 /* i2cFoodApplication */,
			);
		};
/* End PBXProject section */

/* Begin PBXResourcesBuildPhase section */
		4C6EA2AA28C0E36B00CF06A2 /* Resources */ = {
			isa = PBXResourcesBuildPhase;
			buildActionMask = 2147483647;
			files = (
				4C6EA2B728C0E36D00CF06A2 /* Preview Assets.xcassets in Resources */,
				4C6EA2B428C0E36D00CF06A2 /* Assets.xcassets in Resources */,
			);
			runOnlyForDeploymentPostprocessing = 0;
		};
/* End PBXResourcesBuildPhase section */

/* Begin PBXSourcesBuildPhase section */
		4C6EA2A828C0E36B00CF06A2 /* Sources */ = {
			isa = PBXSourcesBuildPhase;
			buildActionMask = 2147483647;
			files = (
				4C6EA2D228C5C9B000CF06A2 /* DishesCellViewModel.swift in Sources */,
				4C6EA2C328C1C79E00CF06A2 /* PagerView.swift in Sources */,
				4C70E70328C7755F00D85E83 /* Utilities.swift in Sources */,
				4C6EA2C128C1C78C00CF06A2 /* SliderView.swift in Sources */,
				4C6EA2C728C1CB4800CF06A2 /* MenuCardForTheDay.swift in Sources */,
				4C6EA2B228C0E36B00CF06A2 /* HomeView.swift in Sources */,
				4C6EA2DF28C7127400CF06A2 /* URLRequestConvertible.swift in Sources */,
				4C6EA2CC28C2125000CF06A2 /* DishesCell.swift in Sources */,
				4C6EA2D528C5D6E200CF06A2 /* FoodMenuService.swift in Sources */,
				4C6EA2DB28C70F5900CF06A2 /* Errors.swift in Sources */,
				4C6EA2B028C0E36B00CF06A2 /* i2cFoodApplicationApp.swift in Sources */,
				4C6EA2C928C1CD6700CF06A2 /* MenuCardViewModel.swift in Sources */,
				4C3CAE5028C8712E00B24327 /* FoodThisWeek.swift in Sources */,
				4C6EA2D828C70F1700CF06A2 /* FoodMenuModels.swift in Sources */,
				4C3CAE5228C8737700B24327 /* FoodThisWeekViewModel.swift in Sources */,
				4C6EA2DD28C70F8500CF06A2 /* APIClient.swift in Sources */,
			);
			runOnlyForDeploymentPostprocessing = 0;
		};
/* End PBXSourcesBuildPhase section */

/* Begin XCBuildConfiguration section */
		4C6EA2B828C0E36D00CF06A2 /* Debug */ = {
			isa = XCBuildConfiguration;
			buildSettings = {
				ALWAYS_SEARCH_USER_PATHS = NO;
				CLANG_ANALYZER_NONNULL = YES;
				CLANG_ANALYZER_NUMBER_OBJECT_CONVERSION = YES_AGGRESSIVE;
				CLANG_CXX_LANGUAGE_STANDARD = "gnu++17";
				CLANG_ENABLE_MODULES = YES;
				CLANG_ENABLE_OBJC_ARC = YES;
				CLANG_ENABLE_OBJC_WEAK = YES;
				CLANG_WARN_BLOCK_CAPTURE_AUTORELEASING = YES;
				CLANG_WARN_BOOL_CONVERSION = YES;
				CLANG_WARN_COMMA = YES;
				CLANG_WARN_CONSTANT_CONVERSION = YES;
				CLANG_WARN_DEPRECATED_OBJC_IMPLEMENTATIONS = YES;
				CLANG_WARN_DIRECT_OBJC_ISA_USAGE = YES_ERROR;
				CLANG_WARN_DOCUMENTATION_COMMENTS = YES;
				CLANG_WARN_EMPTY_BODY = YES;
				CLANG_WARN_ENUM_CONVERSION = YES;
				CLANG_WARN_INFINITE_RECURSION = YES;
				CLANG_WARN_INT_CONVERSION = YES;
				CLANG_WARN_NON_LITERAL_NULL_CONVERSION = YES;
				CLANG_WARN_OBJC_IMPLICIT_RETAIN_SELF = YES;
				CLANG_WARN_OBJC_LITERAL_CONVERSION = YES;
				CLANG_WARN_OBJC_ROOT_CLASS = YES_ERROR;
				CLANG_WARN_QUOTED_INCLUDE_IN_FRAMEWORK_HEADER = YES;
				CLANG_WARN_RANGE_LOOP_ANALYSIS = YES;
				CLANG_WARN_STRICT_PROTOTYPES = YES;
				CLANG_WARN_SUSPICIOUS_MOVE = YES;
				CLANG_WARN_UNGUARDED_AVAILABILITY = YES_AGGRESSIVE;
				CLANG_WARN_UNREACHABLE_CODE = YES;
				CLANG_WARN__DUPLICATE_METHOD_MATCH = YES;
				COPY_PHASE_STRIP = NO;
				DEBUG_INFORMATION_FORMAT = dwarf;
				ENABLE_STRICT_OBJC_MSGSEND = YES;
				ENABLE_TESTABILITY = YES;
				GCC_C_LANGUAGE_STANDARD = gnu11;
				GCC_DYNAMIC_NO_PIC = NO;
				GCC_NO_COMMON_BLOCKS = YES;
				GCC_OPTIMIZATION_LEVEL = 0;
				GCC_PREPROCESSOR_DEFINITIONS = (
					"DEBUG=1",
					"$(inherited)",
				);
				GCC_WARN_64_TO_32_BIT_CONVERSION = YES;
				GCC_WARN_ABOUT_RETURN_TYPE = YES_ERROR;
				GCC_WARN_UNDECLARED_SELECTOR = YES;
				GCC_WARN_UNINITIALIZED_AUTOS = YES_AGGRESSIVE;
				GCC_WARN_UNUSED_FUNCTION = YES;
				GCC_WARN_UNUSED_VARIABLE = YES;
				IPHONEOS_DEPLOYMENT_TARGET = 15.4;
				MTL_ENABLE_DEBUG_INFO = INCLUDE_SOURCE;
				MTL_FAST_MATH = YES;
				ONLY_ACTIVE_ARCH = YES;
				SDKROOT = iphoneos;
				SWIFT_ACTIVE_COMPILATION_CONDITIONS = DEBUG;
				SWIFT_OPTIMIZATION_LEVEL = "-Onone";
			};
			name = Debug;
		};
		4C6EA2B928C0E36D00CF06A2 /* Release */ = {
			isa = XCBuildConfiguration;
			buildSettings = {
				ALWAYS_SEARCH_USER_PATHS = NO;
				CLANG_ANALYZER_NONNULL = YES;
				CLANG_ANALYZER_NUMBER_OBJECT_CONVERSION = YES_AGGRESSIVE;
				CLANG_CXX_LANGUAGE_STANDARD = "gnu++17";
				CLANG_ENABLE_MODULES = YES;
				CLANG_ENABLE_OBJC_ARC = YES;
				CLANG_ENABLE_OBJC_WEAK = YES;
				CLANG_WARN_BLOCK_CAPTURE_AUTORELEASING = YES;
				CLANG_WARN_BOOL_CONVERSION = YES;
				CLANG_WARN_COMMA = YES;
				CLANG_WARN_CONSTANT_CONVERSION = YES;
				CLANG_WARN_DEPRECATED_OBJC_IMPLEMENTATIONS = YES;
				CLANG_WARN_DIRECT_OBJC_ISA_USAGE = YES_ERROR;
				CLANG_WARN_DOCUMENTATION_COMMENTS = YES;
				CLANG_WARN_EMPTY_BODY = YES;
				CLANG_WARN_ENUM_CONVERSION = YES;
				CLANG_WARN_INFINITE_RECURSION = YES;
				CLANG_WARN_INT_CONVERSION = YES;
				CLANG_WARN_NON_LITERAL_NULL_CONVERSION = YES;
				CLANG_WARN_OBJC_IMPLICIT_RETAIN_SELF = YES;
				CLANG_WARN_OBJC_LITERAL_CONVERSION = YES;
				CLANG_WARN_OBJC_ROOT_CLASS = YES_ERROR;
				CLANG_WARN_QUOTED_INCLUDE_IN_FRAMEWORK_HEADER = YES;
				CLANG_WARN_RANGE_LOOP_ANALYSIS = YES;
				CLANG_WARN_STRICT_PROTOTYPES = YES;
				CLANG_WARN_SUSPICIOUS_MOVE = YES;
				CLANG_WARN_UNGUARDED_AVAILABILITY = YES_AGGRESSIVE;
				CLANG_WARN_UNREACHABLE_CODE = YES;
				CLANG_WARN__DUPLICATE_METHOD_MATCH = YES;
				COPY_PHASE_STRIP = NO;
				DEBUG_INFORMATION_FORMAT = "dwarf-with-dsym";
				ENABLE_NS_ASSERTIONS = NO;
				ENABLE_STRICT_OBJC_MSGSEND = YES;
				GCC_C_LANGUAGE_STANDARD = gnu11;
				GCC_NO_COMMON_BLOCKS = YES;
				GCC_WARN_64_TO_32_BIT_CONVERSION = YES;
				GCC_WARN_ABOUT_RETURN_TYPE = YES_ERROR;
				GCC_WARN_UNDECLARED_SELECTOR = YES;
				GCC_WARN_UNINITIALIZED_AUTOS = YES_AGGRESSIVE;
				GCC_WARN_UNUSED_FUNCTION = YES;
				GCC_WARN_UNUSED_VARIABLE = YES;
				IPHONEOS_DEPLOYMENT_TARGET = 15.4;
				MTL_ENABLE_DEBUG_INFO = NO;
				MTL_FAST_MATH = YES;
				SDKROOT = iphoneos;
				SWIFT_COMPILATION_MODE = wholemodule;
				SWIFT_OPTIMIZATION_LEVEL = "-O";
				VALIDATE_PRODUCT = YES;
			};
			name = Release;
		};
		4C6EA2BB28C0E36D00CF06A2 /* Debug */ = {
			isa = XCBuildConfiguration;
			buildSettings = {
				ASSETCATALOG_COMPILER_APPICON_NAME = AppIcon;
				ASSETCATALOG_COMPILER_GLOBAL_ACCENT_COLOR_NAME = AccentColor;
				CODE_SIGN_STYLE = Automatic;
				CURRENT_PROJECT_VERSION = 1;
				DEVELOPMENT_ASSET_PATHS = "\"i2cFoodApplication/Preview Content\"";
				DEVELOPMENT_TEAM = 76KZ9242T4;
				ENABLE_PREVIEWS = YES;
				GENERATE_INFOPLIST_FILE = YES;
				INFOPLIST_KEY_UIApplicationSceneManifest_Generation = YES;
				INFOPLIST_KEY_UIApplicationSupportsIndirectInputEvents = YES;
				INFOPLIST_KEY_UILaunchScreen_Generation = YES;
				INFOPLIST_KEY_UISupportedInterfaceOrientations_iPad = "UIInterfaceOrientationPortrait UIInterfaceOrientationPortraitUpsideDown UIInterfaceOrientationLandscapeLeft UIInterfaceOrientationLandscapeRight";
				INFOPLIST_KEY_UISupportedInterfaceOrientations_iPhone = "UIInterfaceOrientationPortrait UIInterfaceOrientationLandscapeLeft UIInterfaceOrientationLandscapeRight";
				LD_RUNPATH_SEARCH_PATHS = (
					"$(inherited)",
					"@executable_path/Frameworks",
				);
				MARKETING_VERSION = 1.0;
				PRODUCT_BUNDLE_IDENTIFIER = com.ahmer.swiftuilearning.i2cFoodApplication;
				PRODUCT_NAME = "$(TARGET_NAME)";
				SWIFT_EMIT_LOC_STRINGS = YES;
				SWIFT_VERSION = 5.0;
				TARGETED_DEVICE_FAMILY = 1;
			};
			name = Debug;
		};
		4C6EA2BC28C0E36D00CF06A2 /* Release */ = {
			isa = XCBuildConfiguration;
			buildSettings = {
				ASSETCATALOG_COMPILER_APPICON_NAME = AppIcon;
				ASSETCATALOG_COMPILER_GLOBAL_ACCENT_COLOR_NAME = AccentColor;
				CODE_SIGN_STYLE = Automatic;
				CURRENT_PROJECT_VERSION = 1;
				DEVELOPMENT_ASSET_PATHS = "\"i2cFoodApplication/Preview Content\"";
				DEVELOPMENT_TEAM = 76KZ9242T4;
				ENABLE_PREVIEWS = YES;
				GENERATE_INFOPLIST_FILE = YES;
				INFOPLIST_KEY_UIApplicationSceneManifest_Generation = YES;
				INFOPLIST_KEY_UIApplicationSupportsIndirectInputEvents = YES;
				INFOPLIST_KEY_UILaunchScreen_Generation = YES;
				INFOPLIST_KEY_UISupportedInterfaceOrientations_iPad = "UIInterfaceOrientationPortrait UIInterfaceOrientationPortraitUpsideDown UIInterfaceOrientationLandscapeLeft UIInterfaceOrientationLandscapeRight";
				INFOPLIST_KEY_UISupportedInterfaceOrientations_iPhone = "UIInterfaceOrientationPortrait UIInterfaceOrientationLandscapeLeft UIInterfaceOrientationLandscapeRight";
				LD_RUNPATH_SEARCH_PATHS = (
					"$(inherited)",
					"@executable_path/Frameworks",
				);
				MARKETING_VERSION = 1.0;
				PRODUCT_BUNDLE_IDENTIFIER = com.ahmer.swiftuilearning.i2cFoodApplication;
				PRODUCT_NAME = "$(TARGET_NAME)";
				SWIFT_EMIT_LOC_STRINGS = YES;
				SWIFT_VERSION = 5.0;
				TARGETED_DEVICE_FAMILY = 1;
			};
			name = Release;
		};
/* End XCBuildConfiguration section */

/* Begin XCConfigurationList section */
		4C6EA2A728C0E36B00CF06A2 /* Build configuration list for PBXProject "i2cFoodApplication" */ = {
			isa = XCConfigurationList;
			buildConfigurations = (
				4C6EA2B828C0E36D00CF06A2 /* Debug */,
				4C6EA2B928C0E36D00CF06A2 /* Release */,
			);
			defaultConfigurationIsVisible = 0;
			defaultConfigurationName = Release;
		};
		4C6EA2BA28C0E36D00CF06A2 /* Build configuration list for PBXNativeTarget "i2cFoodApplication" */ = {
			isa = XCConfigurationList;
			buildConfigurations = (
				4C6EA2BB28C0E36D00CF06A2 /* Debug */,
				4C6EA2BC28C0E36D00CF06A2 /* Release */,
			);
			defaultConfigurationIsVisible = 0;
			defaultConfigurationName = Release;
		};
/* End XCConfigurationList section */
	};
	rootObject = 4C6EA2A428C0E36B00CF06A2 /* Project object */;
}
